// !$*UTF8*$!
{
	archiveVersion = 1;
	classes = {
	};
	objectVersion = 56;
	objects = {

/* Begin PBXBuildFile section */
		1B0933A82C2C9B0500271FA5 /* TaskDetail.swift in Sources */ = {isa = PBXBuildFile; fileRef = 1B0933A72C2C9B0500271FA5 /* TaskDetail.swift */; };
		1B09379A2C2DEE3300271FA5 /* Colors.swift in Sources */ = {isa = PBXBuildFile; fileRef = 1B0937992C2DEE3300271FA5 /* Colors.swift */; };
		1B093BA32C2F409E00271FA5 /* TaskList.swift in Sources */ = {isa = PBXBuildFile; fileRef = 1B093BA22C2F409E00271FA5 /* TaskList.swift */; };
		1B093BA62C2F4BE100271FA5 /* ColorPicker.swift in Sources */ = {isa = PBXBuildFile; fileRef = 1B093BA52C2F4BE100271FA5 /* ColorPicker.swift */; };
		1B303D782C20F71300E145CB /* ToDoShkaApp.swift in Sources */ = {isa = PBXBuildFile; fileRef = 1B303D772C20F71300E145CB /* ToDoShkaApp.swift */; };
		1B303D7A2C20F71300E145CB /* ContentView.swift in Sources */ = {isa = PBXBuildFile; fileRef = 1B303D792C20F71300E145CB /* ContentView.swift */; };
		1B303D7C2C20F71500E145CB /* Assets.xcassets in Resources */ = {isa = PBXBuildFile; fileRef = 1B303D7B2C20F71500E145CB /* Assets.xcassets */; };
		1B303D7F2C20F71500E145CB /* Preview Assets.xcassets in Resources */ = {isa = PBXBuildFile; fileRef = 1B303D7E2C20F71500E145CB /* Preview Assets.xcassets */; };
		1B900F9A2C2B78D4003C57EE /* TaskCell.swift in Sources */ = {isa = PBXBuildFile; fileRef = 1B900F992C2B78D4003C57EE /* TaskCell.swift */; };
		1BB6B4D52C2204260020309D /* TodoItem.swift in Sources */ = {isa = PBXBuildFile; fileRef = 1BB6B4D42C2204260020309D /* TodoItem.swift */; };
		1BB6B4D72C22043E0020309D /* FileCache.swift in Sources */ = {isa = PBXBuildFile; fileRef = 1BB6B4D62C22043E0020309D /* FileCache.swift */; };
		1BB6B4E12C238E410020309D /* ToDoShkaTests.swift in Sources */ = {isa = PBXBuildFile; fileRef = 1BB6B4E02C238E410020309D /* ToDoShkaTests.swift */; };
/* End PBXBuildFile section */

/* Begin PBXContainerItemProxy section */
		1BB6B4E22C238E410020309D /* PBXContainerItemProxy */ = {
			isa = PBXContainerItemProxy;
			containerPortal = 1B303D6C2C20F71300E145CB /* Project object */;
			proxyType = 1;
			remoteGlobalIDString = 1B303D732C20F71300E145CB;
			remoteInfo = ToDoShka;
		};
/* End PBXContainerItemProxy section */

/* Begin PBXFileReference section */
		1B0933A72C2C9B0500271FA5 /* TaskDetail.swift */ = {isa = PBXFileReference; lastKnownFileType = sourcecode.swift; path = TaskDetail.swift; sourceTree = "<group>"; };
		1B0937992C2DEE3300271FA5 /* Colors.swift */ = {isa = PBXFileReference; lastKnownFileType = sourcecode.swift; path = Colors.swift; sourceTree = "<group>"; };
		1B093BA22C2F409E00271FA5 /* TaskList.swift */ = {isa = PBXFileReference; lastKnownFileType = sourcecode.swift; path = TaskList.swift; sourceTree = "<group>"; };
		1B093BA52C2F4BE100271FA5 /* ColorPicker.swift */ = {isa = PBXFileReference; lastKnownFileType = sourcecode.swift; path = ColorPicker.swift; sourceTree = "<group>"; };
		1B303D742C20F71300E145CB /* ToDoShka.app */ = {isa = PBXFileReference; explicitFileType = wrapper.application; includeInIndex = 0; path = ToDoShka.app; sourceTree = BUILT_PRODUCTS_DIR; };
		1B303D772C20F71300E145CB /* ToDoShkaApp.swift */ = {isa = PBXFileReference; lastKnownFileType = sourcecode.swift; path = ToDoShkaApp.swift; sourceTree = "<group>"; };
		1B303D792C20F71300E145CB /* ContentView.swift */ = {isa = PBXFileReference; lastKnownFileType = sourcecode.swift; path = ContentView.swift; sourceTree = "<group>"; };
		1B303D7B2C20F71500E145CB /* Assets.xcassets */ = {isa = PBXFileReference; lastKnownFileType = folder.assetcatalog; path = Assets.xcassets; sourceTree = "<group>"; };
		1B303D7E2C20F71500E145CB /* Preview Assets.xcassets */ = {isa = PBXFileReference; lastKnownFileType = folder.assetcatalog; path = "Preview Assets.xcassets"; sourceTree = "<group>"; };
		1B900F992C2B78D4003C57EE /* TaskCell.swift */ = {isa = PBXFileReference; lastKnownFileType = sourcecode.swift; path = TaskCell.swift; sourceTree = "<group>"; };
		1BB6B4D42C2204260020309D /* TodoItem.swift */ = {isa = PBXFileReference; lastKnownFileType = sourcecode.swift; path = TodoItem.swift; sourceTree = "<group>"; };
		1BB6B4D62C22043E0020309D /* FileCache.swift */ = {isa = PBXFileReference; lastKnownFileType = sourcecode.swift; path = FileCache.swift; sourceTree = "<group>"; };
		1BB6B4DE2C238E410020309D /* ToDoShkaTests.xctest */ = {isa = PBXFileReference; explicitFileType = wrapper.cfbundle; includeInIndex = 0; path = ToDoShkaTests.xctest; sourceTree = BUILT_PRODUCTS_DIR; };
		1BB6B4E02C238E410020309D /* ToDoShkaTests.swift */ = {isa = PBXFileReference; lastKnownFileType = sourcecode.swift; path = ToDoShkaTests.swift; sourceTree = "<group>"; };
/* End PBXFileReference section */

/* Begin PBXFrameworksBuildPhase section */
		1B303D712C20F71300E145CB /* Frameworks */ = {
			isa = PBXFrameworksBuildPhase;
			buildActionMask = 2147483647;
			files = (
			);
			runOnlyForDeploymentPostprocessing = 0;
		};
		1BB6B4DB2C238E410020309D /* Frameworks */ = {
			isa = PBXFrameworksBuildPhase;
			buildActionMask = 2147483647;
			files = (
			);
			runOnlyForDeploymentPostprocessing = 0;
		};
/* End PBXFrameworksBuildPhase section */

/* Begin PBXGroup section */
		1B093B9F2C2F406900271FA5 /* UI */ = {
			isa = PBXGroup;
			children = (
				1B303D792C20F71300E145CB /* ContentView.swift */,
				1B093BA12C2F408E00271FA5 /* MainScreen */,
				1B093BA02C2F407300271FA5 /* TaskDetail */,
			);
			path = UI;
			sourceTree = "<group>";
		};
		1B093BA02C2F407300271FA5 /* TaskDetail */ = {
			isa = PBXGroup;
			children = (
				1B0933A72C2C9B0500271FA5 /* TaskDetail.swift */,
				1B093BA52C2F4BE100271FA5 /* ColorPicker.swift */,
			);
			path = TaskDetail;
			sourceTree = "<group>";
		};
		1B093BA12C2F408E00271FA5 /* MainScreen */ = {
			isa = PBXGroup;
			children = (
				1B900F992C2B78D4003C57EE /* TaskCell.swift */,
				1B093BA22C2F409E00271FA5 /* TaskList.swift */,
			);
			path = MainScreen;
			sourceTree = "<group>";
		};
		1B093BA42C2F40EB00271FA5 /* Resources */ = {
			isa = PBXGroup;
			children = (
				1B303D7B2C20F71500E145CB /* Assets.xcassets */,
				1B0937992C2DEE3300271FA5 /* Colors.swift */,
			);
			path = Resources;
			sourceTree = "<group>";
		};
		1B303D6B2C20F71300E145CB = {
			isa = PBXGroup;
			children = (
				1B303D762C20F71300E145CB /* ToDoShka */,
				1BB6B4DF2C238E410020309D /* ToDoShkaTests */,
				1B303D752C20F71300E145CB /* Products */,
			);
			sourceTree = "<group>";
		};
		1B303D752C20F71300E145CB /* Products */ = {
			isa = PBXGroup;
			children = (
				1B303D742C20F71300E145CB /* ToDoShka.app */,
				1BB6B4DE2C238E410020309D /* ToDoShkaTests.xctest */,
			);
			name = Products;
			sourceTree = "<group>";
		};
		1B303D762C20F71300E145CB /* ToDoShka */ = {
			isa = PBXGroup;
			children = (
				1B303D772C20F71300E145CB /* ToDoShkaApp.swift */,
				1BB6B4D32C2204120020309D /* Model */,
				1B093BA42C2F40EB00271FA5 /* Resources */,
				1B093B9F2C2F406900271FA5 /* UI */,
				1B303D7D2C20F71500E145CB /* Preview Content */,
			);
			path = ToDoShka;
			sourceTree = "<group>";
		};
		1B303D7D2C20F71500E145CB /* Preview Content */ = {
			isa = PBXGroup;
			children = (
				1B303D7E2C20F71500E145CB /* Preview Assets.xcassets */,
			);
			path = "Preview Content";
			sourceTree = "<group>";
		};
		1BB6B4D32C2204120020309D /* Model */ = {
			isa = PBXGroup;
			children = (
				1BB6B4D42C2204260020309D /* TodoItem.swift */,
				1BB6B4D62C22043E0020309D /* FileCache.swift */,
			);
			path = Model;
			sourceTree = "<group>";
		};
		1BB6B4DF2C238E410020309D /* ToDoShkaTests */ = {
			isa = PBXGroup;
			children = (
				1BB6B4E02C238E410020309D /* ToDoShkaTests.swift */,
			);
			path = ToDoShkaTests;
			sourceTree = "<group>";
		};
/* End PBXGroup section */

/* Begin PBXNativeTarget section */
		1B303D732C20F71300E145CB /* ToDoShka */ = {
			isa = PBXNativeTarget;
			buildConfigurationList = 1B303D822C20F71500E145CB /* Build configuration list for PBXNativeTarget "ToDoShka" */;
			buildPhases = (
				1B303D702C20F71300E145CB /* Sources */,
				1B303D712C20F71300E145CB /* Frameworks */,
				1B303D722C20F71300E145CB /* Resources */,
			);
			buildRules = (
			);
			dependencies = (
			);
			name = ToDoShka;
			productName = ToDoShka;
			productReference = 1B303D742C20F71300E145CB /* ToDoShka.app */;
			productType = "com.apple.product-type.application";
		};
		1BB6B4DD2C238E410020309D /* ToDoShkaTests */ = {
			isa = PBXNativeTarget;
			buildConfigurationList = 1BB6B4E42C238E420020309D /* Build configuration list for PBXNativeTarget "ToDoShkaTests" */;
			buildPhases = (
				1BB6B4DA2C238E410020309D /* Sources */,
				1BB6B4DB2C238E410020309D /* Frameworks */,
				1BB6B4DC2C238E410020309D /* Resources */,
			);
			buildRules = (
			);
			dependencies = (
				1BB6B4E32C238E410020309D /* PBXTargetDependency */,
			);
			name = ToDoShkaTests;
			productName = ToDoShkaTests;
			productReference = 1BB6B4DE2C238E410020309D /* ToDoShkaTests.xctest */;
			productType = "com.apple.product-type.bundle.unit-test";
		};
/* End PBXNativeTarget section */

/* Begin PBXProject section */
		1B303D6C2C20F71300E145CB /* Project object */ = {
			isa = PBXProject;
			attributes = {
				BuildIndependentTargetsInParallel = 1;
				LastSwiftUpdateCheck = 1530;
				LastUpgradeCheck = 1530;
				TargetAttributes = {
					1B303D732C20F71300E145CB = {
						CreatedOnToolsVersion = 15.3;
					};
					1BB6B4DD2C238E410020309D = {
						CreatedOnToolsVersion = 15.3;
						TestTargetID = 1B303D732C20F71300E145CB;
					};
				};
			};
			buildConfigurationList = 1B303D6F2C20F71300E145CB /* Build configuration list for PBXProject "ToDoShka" */;
			compatibilityVersion = "Xcode 14.0";
			developmentRegion = en;
			hasScannedForEncodings = 0;
			knownRegions = (
				en,
				Base,
			);
			mainGroup = 1B303D6B2C20F71300E145CB;
			productRefGroup = 1B303D752C20F71300E145CB /* Products */;
			projectDirPath = "";
			projectRoot = "";
			targets = (
				1B303D732C20F71300E145CB /* ToDoShka */,
				1BB6B4DD2C238E410020309D /* ToDoShkaTests */,
			);
		};
/* End PBXProject section */

/* Begin PBXResourcesBuildPhase section */
		1B303D722C20F71300E145CB /* Resources */ = {
			isa = PBXResourcesBuildPhase;
			buildActionMask = 2147483647;
			files = (
				1B303D7F2C20F71500E145CB /* Preview Assets.xcassets in Resources */,
				1B303D7C2C20F71500E145CB /* Assets.xcassets in Resources */,
			);
			runOnlyForDeploymentPostprocessing = 0;
		};
		1BB6B4DC2C238E410020309D /* Resources */ = {
			isa = PBXResourcesBuildPhase;
			buildActionMask = 2147483647;
			files = (
			);
			runOnlyForDeploymentPostprocessing = 0;
		};
/* End PBXResourcesBuildPhase section */

/* Begin PBXSourcesBuildPhase section */
		1B303D702C20F71300E145CB /* Sources */ = {
			isa = PBXSourcesBuildPhase;
			buildActionMask = 2147483647;
			files = (
				1B093BA32C2F409E00271FA5 /* TaskList.swift in Sources */,
				1B303D7A2C20F71300E145CB /* ContentView.swift in Sources */,
				1BB6B4D52C2204260020309D /* TodoItem.swift in Sources */,
				1B900F9A2C2B78D4003C57EE /* TaskCell.swift in Sources */,
				1B09379A2C2DEE3300271FA5 /* Colors.swift in Sources */,
				1B093BA62C2F4BE100271FA5 /* ColorPicker.swift in Sources */,
				1BB6B4D72C22043E0020309D /* FileCache.swift in Sources */,
				1B303D782C20F71300E145CB /* ToDoShkaApp.swift in Sources */,
				1B0933A82C2C9B0500271FA5 /* TaskDetail.swift in Sources */,
			);
			runOnlyForDeploymentPostprocessing = 0;
		};
		1BB6B4DA2C238E410020309D /* Sources */ = {
			isa = PBXSourcesBuildPhase;
			buildActionMask = 2147483647;
			files = (
				1BB6B4E12C238E410020309D /* ToDoShkaTests.swift in Sources */,
			);
			runOnlyForDeploymentPostprocessing = 0;
		};
/* End PBXSourcesBuildPhase section */

/* Begin PBXTargetDependency section */
		1BB6B4E32C238E410020309D /* PBXTargetDependency */ = {
			isa = PBXTargetDependency;
			target = 1B303D732C20F71300E145CB /* ToDoShka */;
			targetProxy = 1BB6B4E22C238E410020309D /* PBXContainerItemProxy */;
		};
/* End PBXTargetDependency section */

/* Begin XCBuildConfiguration section */
		1B303D802C20F71500E145CB /* Debug */ = {
			isa = XCBuildConfiguration;
			buildSettings = {
				ALWAYS_SEARCH_USER_PATHS = NO;
				ASSETCATALOG_COMPILER_GENERATE_SWIFT_ASSET_SYMBOL_EXTENSIONS = YES;
				CLANG_ANALYZER_NONNULL = YES;
				CLANG_ANALYZER_NUMBER_OBJECT_CONVERSION = YES_AGGRESSIVE;
				CLANG_CXX_LANGUAGE_STANDARD = "gnu++20";
				CLANG_ENABLE_MODULES = YES;
				CLANG_ENABLE_OBJC_ARC = YES;
				CLANG_ENABLE_OBJC_WEAK = YES;
				CLANG_WARN_BLOCK_CAPTURE_AUTORELEASING = YES;
				CLANG_WARN_BOOL_CONVERSION = YES;
				CLANG_WARN_COMMA = YES;
				CLANG_WARN_CONSTANT_CONVERSION = YES;
				CLANG_WARN_DEPRECATED_OBJC_IMPLEMENTATIONS = YES;
				CLANG_WARN_DIRECT_OBJC_ISA_USAGE = YES_ERROR;
				CLANG_WARN_DOCUMENTATION_COMMENTS = YES;
				CLANG_WARN_EMPTY_BODY = YES;
				CLANG_WARN_ENUM_CONVERSION = YES;
				CLANG_WARN_INFINITE_RECURSION = YES;
				CLANG_WARN_INT_CONVERSION = YES;
				CLANG_WARN_NON_LITERAL_NULL_CONVERSION = YES;
				CLANG_WARN_OBJC_IMPLICIT_RETAIN_SELF = YES;
				CLANG_WARN_OBJC_LITERAL_CONVERSION = YES;
				CLANG_WARN_OBJC_ROOT_CLASS = YES_ERROR;
				CLANG_WARN_QUOTED_INCLUDE_IN_FRAMEWORK_HEADER = YES;
				CLANG_WARN_RANGE_LOOP_ANALYSIS = YES;
				CLANG_WARN_STRICT_PROTOTYPES = YES;
				CLANG_WARN_SUSPICIOUS_MOVE = YES;
				CLANG_WARN_UNGUARDED_AVAILABILITY = YES_AGGRESSIVE;
				CLANG_WARN_UNREACHABLE_CODE = YES;
				CLANG_WARN__DUPLICATE_METHOD_MATCH = YES;
				COPY_PHASE_STRIP = NO;
				DEBUG_INFORMATION_FORMAT = dwarf;
				ENABLE_STRICT_OBJC_MSGSEND = YES;
				ENABLE_TESTABILITY = YES;
				ENABLE_USER_SCRIPT_SANDBOXING = YES;
				GCC_C_LANGUAGE_STANDARD = gnu17;
				GCC_DYNAMIC_NO_PIC = NO;
				GCC_NO_COMMON_BLOCKS = YES;
				GCC_OPTIMIZATION_LEVEL = 0;
				GCC_PREPROCESSOR_DEFINITIONS = (
					"DEBUG=1",
					"$(inherited)",
				);
				GCC_WARN_64_TO_32_BIT_CONVERSION = YES;
				GCC_WARN_ABOUT_RETURN_TYPE = YES_ERROR;
				GCC_WARN_UNDECLARED_SELECTOR = YES;
				GCC_WARN_UNINITIALIZED_AUTOS = YES_AGGRESSIVE;
				GCC_WARN_UNUSED_FUNCTION = YES;
				GCC_WARN_UNUSED_VARIABLE = YES;
				IPHONEOS_DEPLOYMENT_TARGET = 17.4;
				LOCALIZATION_PREFERS_STRING_CATALOGS = YES;
				MTL_ENABLE_DEBUG_INFO = INCLUDE_SOURCE;
				MTL_FAST_MATH = YES;
				ONLY_ACTIVE_ARCH = YES;
				SDKROOT = iphoneos;
				SWIFT_ACTIVE_COMPILATION_CONDITIONS = "DEBUG $(inherited)";
				SWIFT_OPTIMIZATION_LEVEL = "-Onone";
			};
			name = Debug;
		};
		1B303D812C20F71500E145CB /* Release */ = {
			isa = XCBuildConfiguration;
			buildSettings = {
				ALWAYS_SEARCH_USER_PATHS = NO;
				ASSETCATALOG_COMPILER_GENERATE_SWIFT_ASSET_SYMBOL_EXTENSIONS = YES;
				CLANG_ANALYZER_NONNULL = YES;
				CLANG_ANALYZER_NUMBER_OBJECT_CONVERSION = YES_AGGRESSIVE;
				CLANG_CXX_LANGUAGE_STANDARD = "gnu++20";
				CLANG_ENABLE_MODULES = YES;
				CLANG_ENABLE_OBJC_ARC = YES;
				CLANG_ENABLE_OBJC_WEAK = YES;
				CLANG_WARN_BLOCK_CAPTURE_AUTORELEASING = YES;
				CLANG_WARN_BOOL_CONVERSION = YES;
				CLANG_WARN_COMMA = YES;
				CLANG_WARN_CONSTANT_CONVERSION = YES;
				CLANG_WARN_DEPRECATED_OBJC_IMPLEMENTATIONS = YES;
				CLANG_WARN_DIRECT_OBJC_ISA_USAGE = YES_ERROR;
				CLANG_WARN_DOCUMENTATION_COMMENTS = YES;
				CLANG_WARN_EMPTY_BODY = YES;
				CLANG_WARN_ENUM_CONVERSION = YES;
				CLANG_WARN_INFINITE_RECURSION = YES;
				CLANG_WARN_INT_CONVERSION = YES;
				CLANG_WARN_NON_LITERAL_NULL_CONVERSION = YES;
				CLANG_WARN_OBJC_IMPLICIT_RETAIN_SELF = YES;
				CLANG_WARN_OBJC_LITERAL_CONVERSION = YES;
				CLANG_WARN_OBJC_ROOT_CLASS = YES_ERROR;
				CLANG_WARN_QUOTED_INCLUDE_IN_FRAMEWORK_HEADER = YES;
				CLANG_WARN_RANGE_LOOP_ANALYSIS = YES;
				CLANG_WARN_STRICT_PROTOTYPES = YES;
				CLANG_WARN_SUSPICIOUS_MOVE = YES;
				CLANG_WARN_UNGUARDED_AVAILABILITY = YES_AGGRESSIVE;
				CLANG_WARN_UNREACHABLE_CODE = YES;
				CLANG_WARN__DUPLICATE_METHOD_MATCH = YES;
				COPY_PHASE_STRIP = NO;
				DEBUG_INFORMATION_FORMAT = "dwarf-with-dsym";
				ENABLE_NS_ASSERTIONS = NO;
				ENABLE_STRICT_OBJC_MSGSEND = YES;
				ENABLE_USER_SCRIPT_SANDBOXING = YES;
				GCC_C_LANGUAGE_STANDARD = gnu17;
				GCC_NO_COMMON_BLOCKS = YES;
				GCC_WARN_64_TO_32_BIT_CONVERSION = YES;
				GCC_WARN_ABOUT_RETURN_TYPE = YES_ERROR;
				GCC_WARN_UNDECLARED_SELECTOR = YES;
				GCC_WARN_UNINITIALIZED_AUTOS = YES_AGGRESSIVE;
				GCC_WARN_UNUSED_FUNCTION = YES;
				GCC_WARN_UNUSED_VARIABLE = YES;
				IPHONEOS_DEPLOYMENT_TARGET = 17.4;
				LOCALIZATION_PREFERS_STRING_CATALOGS = YES;
				MTL_ENABLE_DEBUG_INFO = NO;
				MTL_FAST_MATH = YES;
				SDKROOT = iphoneos;
				SWIFT_COMPILATION_MODE = wholemodule;
				VALIDATE_PRODUCT = YES;
			};
			name = Release;
		};
		1B303D832C20F71500E145CB /* Debug */ = {
			isa = XCBuildConfiguration;
			buildSettings = {
				ASSETCATALOG_COMPILER_APPICON_NAME = AppIcon;
				ASSETCATALOG_COMPILER_GLOBAL_ACCENT_COLOR_NAME = AccentColor;
				CODE_SIGN_STYLE = Automatic;
				CURRENT_PROJECT_VERSION = 1;
				DEVELOPMENT_ASSET_PATHS = "\"ToDoShka/Preview Content\"";
				DEVELOPMENT_TEAM = T7WLG25YT6;
				ENABLE_PREVIEWS = YES;
				GENERATE_INFOPLIST_FILE = YES;
				INFOPLIST_KEY_UIApplicationSceneManifest_Generation = YES;
				INFOPLIST_KEY_UIApplicationSupportsIndirectInputEvents = YES;
				INFOPLIST_KEY_UILaunchScreen_Generation = YES;
				INFOPLIST_KEY_UISupportedInterfaceOrientations_iPad = "UIInterfaceOrientationPortrait UIInterfaceOrientationPortraitUpsideDown UIInterfaceOrientationLandscapeLeft UIInterfaceOrientationLandscapeRight";
				INFOPLIST_KEY_UISupportedInterfaceOrientations_iPhone = "UIInterfaceOrientationPortrait UIInterfaceOrientationLandscapeLeft UIInterfaceOrientationLandscapeRight";
				LD_RUNPATH_SEARCH_PATHS = (
					"$(inherited)",
					"@executable_path/Frameworks",
				);
				MARKETING_VERSION = 1.0;
				PRODUCT_BUNDLE_IDENTIFIER = com.isharganov.ToDoShka;
				PRODUCT_NAME = "$(TARGET_NAME)";
				SWIFT_EMIT_LOC_STRINGS = YES;
				SWIFT_VERSION = 5.0;
				TARGETED_DEVICE_FAMILY = "1,2";
			};
			name = Debug;
		};
		1B303D842C20F71500E145CB /* Release */ = {
			isa = XCBuildConfiguration;
			buildSettings = {
				ASSETCATALOG_COMPILER_APPICON_NAME = AppIcon;
				ASSETCATALOG_COMPILER_GLOBAL_ACCENT_COLOR_NAME = AccentColor;
				CODE_SIGN_STYLE = Automatic;
				CURRENT_PROJECT_VERSION = 1;
				DEVELOPMENT_ASSET_PATHS = "\"ToDoShka/Preview Content\"";
				DEVELOPMENT_TEAM = T7WLG25YT6;
				ENABLE_PREVIEWS = YES;
				GENERATE_INFOPLIST_FILE = YES;
				INFOPLIST_KEY_UIApplicationSceneManifest_Generation = YES;
				INFOPLIST_KEY_UIApplicationSupportsIndirectInputEvents = YES;
				INFOPLIST_KEY_UILaunchScreen_Generation = YES;
				INFOPLIST_KEY_UISupportedInterfaceOrientations_iPad = "UIInterfaceOrientationPortrait UIInterfaceOrientationPortraitUpsideDown UIInterfaceOrientationLandscapeLeft UIInterfaceOrientationLandscapeRight";
				INFOPLIST_KEY_UISupportedInterfaceOrientations_iPhone = "UIInterfaceOrientationPortrait UIInterfaceOrientationLandscapeLeft UIInterfaceOrientationLandscapeRight";
				LD_RUNPATH_SEARCH_PATHS = (
					"$(inherited)",
					"@executable_path/Frameworks",
				);
				MARKETING_VERSION = 1.0;
				PRODUCT_BUNDLE_IDENTIFIER = com.isharganov.ToDoShka;
				PRODUCT_NAME = "$(TARGET_NAME)";
				SWIFT_EMIT_LOC_STRINGS = YES;
				SWIFT_VERSION = 5.0;
				TARGETED_DEVICE_FAMILY = "1,2";
			};
			name = Release;
		};
		1BB6B4E52C238E420020309D /* Debug */ = {
			isa = XCBuildConfiguration;
			buildSettings = {
				BUNDLE_LOADER = "$(TEST_HOST)";
				CODE_SIGN_STYLE = Automatic;
				CURRENT_PROJECT_VERSION = 1;
				DEVELOPMENT_TEAM = T7WLG25YT6;
				GENERATE_INFOPLIST_FILE = YES;
				IPHONEOS_DEPLOYMENT_TARGET = 17.0;
				MARKETING_VERSION = 1.0;
				PRODUCT_BUNDLE_IDENTIFIER = com.isharganov.ToDoShkaTests;
				PRODUCT_NAME = "$(TARGET_NAME)";
				SWIFT_EMIT_LOC_STRINGS = NO;
				SWIFT_VERSION = 5.0;
				TARGETED_DEVICE_FAMILY = "1,2";
				TEST_HOST = "$(BUILT_PRODUCTS_DIR)/ToDoShka.app/$(BUNDLE_EXECUTABLE_FOLDER_PATH)/ToDoShka";
			};
			name = Debug;
		};
		1BB6B4E62C238E420020309D /* Release */ = {
			isa = XCBuildConfiguration;
			buildSettings = {
				BUNDLE_LOADER = "$(TEST_HOST)";
				CODE_SIGN_STYLE = Automatic;
				CURRENT_PROJECT_VERSION = 1;
				DEVELOPMENT_TEAM = T7WLG25YT6;
				GENERATE_INFOPLIST_FILE = YES;
				IPHONEOS_DEPLOYMENT_TARGET = 17.0;
				MARKETING_VERSION = 1.0;
				PRODUCT_BUNDLE_IDENTIFIER = com.isharganov.ToDoShkaTests;
				PRODUCT_NAME = "$(TARGET_NAME)";
				SWIFT_EMIT_LOC_STRINGS = NO;
				SWIFT_VERSION = 5.0;
				TARGETED_DEVICE_FAMILY = "1,2";
				TEST_HOST = "$(BUILT_PRODUCTS_DIR)/ToDoShka.app/$(BUNDLE_EXECUTABLE_FOLDER_PATH)/ToDoShka";
			};
			name = Release;
		};
/* End XCBuildConfiguration section */

/* Begin XCConfigurationList section */
		1B303D6F2C20F71300E145CB /* Build configuration list for PBXProject "ToDoShka" */ = {
			isa = XCConfigurationList;
			buildConfigurations = (
				1B303D802C20F71500E145CB /* Debug */,
				1B303D812C20F71500E145CB /* Release */,
			);
			defaultConfigurationIsVisible = 0;
			defaultConfigurationName = Release;
		};
		1B303D822C20F71500E145CB /* Build configuration list for PBXNativeTarget "ToDoShka" */ = {
			isa = XCConfigurationList;
			buildConfigurations = (
				1B303D832C20F71500E145CB /* Debug */,
				1B303D842C20F71500E145CB /* Release */,
			);
			defaultConfigurationIsVisible = 0;
			defaultConfigurationName = Release;
		};
		1BB6B4E42C238E420020309D /* Build configuration list for PBXNativeTarget "ToDoShkaTests" */ = {
			isa = XCConfigurationList;
			buildConfigurations = (
				1BB6B4E52C238E420020309D /* Debug */,
				1BB6B4E62C238E420020309D /* Release */,
			);
			defaultConfigurationIsVisible = 0;
			defaultConfigurationName = Release;
		};
/* End XCConfigurationList section */
	};
	rootObject = 1B303D6C2C20F71300E145CB /* Project object */;
}
